{
  "version": 4,
  "terraform_version": "1.7.3",
  "serial": 5,
  "lineage": "65c3c4c7-39b0-17ee-cb1e-1b7d0d6b7a81",
  "outputs": {},
  "resources": [
    {
      "mode": "data",
      "type": "azurerm_resource_group",
      "name": "rg",
      "provider": "provider[\"registry.terraform.io/hashicorp/azurerm\"]",
      "instances": [
        {
          "schema_version": 0,
          "attributes": {
            "id": "/subscriptions/31324520-9b0f-447e-98f4-c8ac3667708d/resourceGroups/ius-lob-data-sand-inf-dlh-eu2-adb-rg-01",
            "location": "eastus2",
            "name": "ius-lob-data-sand-inf-dlh-eu2-adb-rg-01",
            "tags": {},
            "timeouts": null
          },
          "sensitive_attributes": []
        }
      ]
    },
    {
      "module": "module.data_factory",
      "mode": "data",
      "type": "azurerm_resource_group",
      "name": "rg",
      "provider": "provider[\"registry.terraform.io/hashicorp/azurerm\"]",
      "instances": [
        {
          "schema_version": 0,
          "attributes": {
            "id": "/subscriptions/31324520-9b0f-447e-98f4-c8ac3667708d/resourceGroups/ius-lob-data-sand-inf-dlh-eu2-adb-rg-01",
            "location": "eastus2",
            "name": "ius-lob-data-sand-inf-dlh-eu2-adb-rg-01",
            "tags": {},
            "timeouts": null
          },
          "sensitive_attributes": []
        }
      ]
    },
    {
      "module": "module.data_factory",
      "mode": "managed",
      "type": "azurerm_data_factory",
      "name": "existing_data_factory",
      "provider": "provider[\"registry.terraform.io/hashicorp/azurerm\"]",
      "instances": [
        {
          "schema_version": 2,
          "attributes": {
            "customer_managed_key_id": "",
            "github_configuration": [],
            "global_parameter": [],
            "id": "/subscriptions/31324520-9b0f-447e-98f4-c8ac3667708d/resourceGroups/ius-lob-data-sand-inf-dlh-eu2-adb-rg-01/providers/Microsoft.DataFactory/factories/ius-lob-data-sand-inf-dlh-eu2-adb-rg-adf-01",
            "identity": [],
            "location": "eastus2",
            "managed_virtual_network_enabled": false,
            "name": "ius-lob-data-sand-inf-dlh-eu2-adb-rg-adf-01",
            "public_network_enabled": true,
            "resource_group_name": "ius-lob-data-sand-inf-dlh-eu2-adb-rg-01",
            "tags": {},
            "timeouts": null,
            "vsts_configuration": []
          },
          "sensitive_attributes": [],
          "private": "eyJlMmJmYjczMC1lY2FhLTExZTYtOGY4OC0zNDM2M2JjN2M0YzAiOnsiY3JlYXRlIjoxODAwMDAwMDAwMDAwLCJkZWxldGUiOjE4MDAwMDAwMDAwMDAsInJlYWQiOjMwMDAwMDAwMDAwMCwidXBkYXRlIjoxODAwMDAwMDAwMDAwfSwic2NoZW1hX3ZlcnNpb24iOiIyIn0=",
          "dependencies": [
            "module.data_factory.data.azurerm_resource_group.rg"
          ]
        }
      ]
    },
    {
      "module": "module.example_data_factory_pipeline",
      "mode": "data",
      "type": "azurerm_resource_group",
      "name": "rg",
      "provider": "provider[\"registry.terraform.io/hashicorp/azurerm\"]",
      "instances": [
        {
          "schema_version": 0,
          "attributes": {
            "id": "/subscriptions/31324520-9b0f-447e-98f4-c8ac3667708d/resourceGroups/ius-lob-data-sand-inf-dlh-eu2-adb-rg-01",
            "location": "eastus2",
            "name": "ius-lob-data-sand-inf-dlh-eu2-adb-rg-01",
            "tags": {},
            "timeouts": null
          },
          "sensitive_attributes": []
        }
      ]
    },
    {
      "module": "module.example_data_factory_pipeline",
      "mode": "managed",
      "type": "azurerm_data_factory_pipeline",
      "name": "adb-pipeline",
      "provider": "provider[\"registry.terraform.io/hashicorp/azurerm\"]",
      "instances": [
        {
          "schema_version": 0,
          "attributes": {
            "activities_json": null,
            "annotations": null,
            "concurrency": 0,
            "data_factory_id": "/subscriptions/31324520-9b0f-447e-98f4-c8ac3667708d/resourceGroups/ius-lob-data-sand-inf-dlh-eu2-adb-rg-01/providers/Microsoft.DataFactory/factories/ius-lob-data-sand-inf-dlh-eu2-adb-rg-adf-01",
            "data_factory_name": "ius-lob-data-sand-inf-dlh-eu2-adb-rg-adf-01",
            "description": "",
            "folder": null,
            "id": "/subscriptions/31324520-9b0f-447e-98f4-c8ac3667708d/resourceGroups/ius-lob-data-sand-inf-dlh-eu2-adb-rg-01/providers/Microsoft.DataFactory/factories/ius-lob-data-sand-inf-dlh-eu2-adb-rg-adf-01/pipelines/adfpipeline",
            "moniter_metrics_after_duration": "",
            "name": "adfpipeline",
            "parameters": null,
            "resource_group_name": "ius-lob-data-sand-inf-dlh-eu2-adb-rg-01",
            "timeouts": null,
            "variables": null
          },
          "sensitive_attributes": [],
          "private": "eyJlMmJmYjczMC1lY2FhLTExZTYtOGY4OC0zNDM2M2JjN2M0YzAiOnsiY3JlYXRlIjoxODAwMDAwMDAwMDAwLCJkZWxldGUiOjE4MDAwMDAwMDAwMDAsInJlYWQiOjMwMDAwMDAwMDAwMCwidXBkYXRlIjoxODAwMDAwMDAwMDAwfX0=",
          "dependencies": [
            "module.example_data_factory_pipeline.data.azurerm_resource_group.rg"
          ]
        }
      ]
    },
    {
      "module": "module.existing_databricks_workspace",
      "mode": "data",
      "type": "azurerm_resource_group",
      "name": "rg",
      "provider": "provider[\"registry.terraform.io/hashicorp/azurerm\"]",
      "instances": [
        {
          "schema_version": 0,
          "attributes": {
            "id": "/subscriptions/31324520-9b0f-447e-98f4-c8ac3667708d/resourceGroups/ius-lob-data-sand-inf-dlh-eu2-adb-rg-01",
            "location": "eastus2",
            "name": "ius-lob-data-sand-inf-dlh-eu2-adb-rg-01",
            "tags": {},
            "timeouts": null
          },
          "sensitive_attributes": []
        }
      ]
    },
    {
      "module": "module.existing_databricks_workspace",
      "mode": "managed",
      "type": "azurerm_databricks_workspace",
      "name": "existing_databricks",
      "provider": "provider[\"registry.terraform.io/hashicorp/azurerm\"]",
      "instances": [
        {
          "schema_version": 0,
          "attributes": {
            "custom_parameters": [
              {
                "machine_learning_workspace_id": "",
                "nat_gateway_name": "",
                "no_public_ip": false,
                "private_subnet_name": "",
                "private_subnet_network_security_group_association_id": "",
                "public_ip_name": "nat-gw-public-ip",
                "public_subnet_name": "",
                "public_subnet_network_security_group_association_id": "",
                "storage_account_name": "dbstoragez2xsgw27tmrmk",
                "storage_account_sku_name": "Standard_GRS",
                "virtual_network_id": "",
                "vnet_address_prefix": "10.139"
              }
            ],
            "customer_managed_key_enabled": false,
            "id": "/subscriptions/31324520-9b0f-447e-98f4-c8ac3667708d/resourceGroups/ius-lob-data-sand-inf-dlh-eu2-adb-rg-01/providers/Microsoft.Databricks/workspaces/ius-lob-data-sand-inf-dlh-eu2-adb-rg-dbw-01",
            "infrastructure_encryption_enabled": false,
            "load_balancer_backend_address_pool_id": "",
            "location": "eastus2",
            "managed_resource_group_id": "/subscriptions/31324520-9b0f-447e-98f4-c8ac3667708d/resourceGroups/databricks-rg-ius-lob-data-sand-inf-dlh-eu2-adb-rg-01",
            "managed_resource_group_name": "databricks-rg-ius-lob-data-sand-inf-dlh-eu2-adb-rg-01",
            "managed_services_cmk_key_vault_key_id": null,
            "name": "ius-lob-data-sand-inf-dlh-eu2-adb-rg-dbw-01",
            "network_security_group_rules_required": null,
            "public_network_access_enabled": true,
            "resource_group_name": "ius-lob-data-sand-inf-dlh-eu2-adb-rg-01",
            "sku": "premium",
            "storage_account_identity": [],
            "tags": {},
            "timeouts": null,
            "workspace_id": "8605768895771677",
            "workspace_url": "adb-8605768895771677.17.azuredatabricks.net"
          },
          "sensitive_attributes": [],
          "private": "eyJlMmJmYjczMC1lY2FhLTExZTYtOGY4OC0zNDM2M2JjN2M0YzAiOnsiY3JlYXRlIjoxODAwMDAwMDAwMDAwLCJkZWxldGUiOjE4MDAwMDAwMDAwMDAsInJlYWQiOjMwMDAwMDAwMDAwMCwidXBkYXRlIjoxODAwMDAwMDAwMDAwfX0=",
          "dependencies": [
            "module.existing_databricks_workspace.data.azurerm_resource_group.rg"
          ]
        }
      ]
    }
  ],
  "check_results": null
}
